
Microsoft Visual Studio Solution File, Format Version 12.00
# Visual Studio 14
VisualStudioVersion = 14.0.25420.1
MinimumVisualStudioVersion = 10.0.40219.1
Project("{FAE04EC0-301F-11D3-BF4B-00C04F79EFBC}") = "part1", "ConsoleApplication1\part1.csproj", "{AA21CEC5-834B-4C1D-9ADC-11821D0AE525}"
EndProject
Project("{FAE04EC0-301F-11D3-BF4B-00C04F79EFBC}") = "part2", "part2\part2.csproj", "{17D5A9D7-2779-41A8-BCAA-313A96616B68}"
EndProject
Project("{FAE04EC0-301F-11D3-BF4B-00C04F79EFBC}") = "part3", "part3\part3.csproj", "{8A320689-E7CB-4EFC-BD75-7F474EABA390}"
EndProject
Global
	GlobalSection(SolutionConfigurationPlatforms) = preSolution
		Debug|Any CPU = Debug|Any CPU
		Release|Any CPU = Release|Any CPU
	EndGlobalSection
	GlobalSection(ProjectConfigurationPlatforms) = postSolution
		{AA21CEC5-834B-4C1D-9ADC-11821D0AE525}.Debug|Any CPU.ActiveCfg = Debug|Any CPU
		{AA21CEC5-834B-4C1D-9ADC-11821D0AE525}.Debug|Any CPU.Build.0 = Debug|Any CPU
		{AA21CEC5-834B-4C1D-9ADC-11821D0AE525}.Release|Any CPU.ActiveCfg = Release|Any CPU
		{AA21CEC5-834B-4C1D-9ADC-11821D0AE525}.Release|Any CPU.Build.0 = Release|Any CPU
		{17D5A9D7-2779-41A8-BCAA-313A96616B68}.Debug|Any CPU.ActiveCfg = Debug|Any CPU
		{17D5A9D7-2779-41A8-BCAA-313A96616B68}.Debug|Any CPU.Build.0 = Debug|Any CPU
		{17D5A9D7-2779-41A8-BCAA-313A96616B68}.Release|Any CPU.ActiveCfg = Release|Any CPU
		{17D5A9D7-2779-41A8-BCAA-313A96616B68}.Release|Any CPU.Build.0 = Release|Any CPU
		{8A320689-E7CB-4EFC-BD75-7F474EABA390}.Debug|Any CPU.ActiveCfg = Debug|Any CPU
		{8A320689-E7CB-4EFC-BD75-7F474EABA390}.Debug|Any CPU.Build.0 = Debug|Any CPU
		{8A320689-E7CB-4EFC-BD75-7F474EABA390}.Release|Any CPU.ActiveCfg = Release|Any CPU
		{8A320689-E7CB-4EFC-BD75-7F474EABA390}.Release|Any CPU.Build.0 = Release|Any CPU
	EndGlobalSection
	GlobalSection(SolutionProperties) = preSolution
		HideSolutionNode = FALSE
	EndGlobalSection
EndGlobal
